
Microsoft Visual Studio Solution File, Format Version 12.00
# Visual Studio Version 16
VisualStudioVersion = 16.0.32002.261
MinimumVisualStudioVersion = 10.0.40219.1
Project("{FAE04EC0-301F-11D3-BF4B-00C04F79EFBC}") = "Mart3", "Mart3\Mart3.csproj", "{2F329A65-B409-48BE-A916-1625642CDFF7}"
EndProject
Global
	GlobalSection(SolutionConfigurationPlatforms) = preSolution
		Debug|Any CPU = Debug|Any CPU
		Release|Any CPU = Release|Any CPU
	EndGlobalSection
	GlobalSection(ProjectConfigurationPlatforms) = postSolution
		{2F329A65-B409-48BE-A916-1625642CDFF7}.Debug|Any CPU.ActiveCfg = Debug|Any CPU
		{2F329A65-B409-48BE-A916-1625642CDFF7}.Debug|Any CPU.Build.0 = Debug|Any CPU
		{2F329A65-B409-48BE-A916-1625642CDFF7}.Release|Any CPU.ActiveCfg = Release|Any CPU
		{2F329A65-B409-48BE-A916-1625642CDFF7}.Release|Any CPU.Build.0 = Release|Any CPU
	EndGlobalSection
	GlobalSection(SolutionProperties) = preSolution
		HideSolutionNode = FALSE
	EndGlobalSection
	GlobalSection(ExtensibilityGlobals) = postSolution
		SolutionGuid = {D241E4C1-A659-4DC9-A1C6-18A609DC0D2E}
	EndGlobalSection
EndGlobal
