
Microsoft Visual Studio Solution File, Format Version 12.00
# Visual Studio Version 16
VisualStudioVersion = 16.0.32002.261
MinimumVisualStudioVersion = 10.0.40219.1
Project("{FAE04EC0-301F-11D3-BF4B-00C04F79EFBC}") = "Mart3_2_EF_MF", "Mart3_2_EF_MF\Mart3_2_EF_MF.csproj", "{A39D0AAD-1445-4F6D-993D-80B64F1CB597}"
EndProject
Global
	GlobalSection(SolutionConfigurationPlatforms) = preSolution
		Debug|Any CPU = Debug|Any CPU
		Release|Any CPU = Release|Any CPU
	EndGlobalSection
	GlobalSection(ProjectConfigurationPlatforms) = postSolution
		{A39D0AAD-1445-4F6D-993D-80B64F1CB597}.Debug|Any CPU.ActiveCfg = Debug|Any CPU
		{A39D0AAD-1445-4F6D-993D-80B64F1CB597}.Debug|Any CPU.Build.0 = Debug|Any CPU
		{A39D0AAD-1445-4F6D-993D-80B64F1CB597}.Release|Any CPU.ActiveCfg = Release|Any CPU
		{A39D0AAD-1445-4F6D-993D-80B64F1CB597}.Release|Any CPU.Build.0 = Release|Any CPU
	EndGlobalSection
	GlobalSection(SolutionProperties) = preSolution
		HideSolutionNode = FALSE
	EndGlobalSection
	GlobalSection(ExtensibilityGlobals) = postSolution
		SolutionGuid = {04D8BCCE-1F94-46A8-BAB2-9138C5AE5179}
	EndGlobalSection
EndGlobal
