
Microsoft Visual Studio Solution File, Format Version 12.00
# Visual Studio Version 16
VisualStudioVersion = 16.0.32002.261
MinimumVisualStudioVersion = 10.0.40219.1
Project("{FAE04EC0-301F-11D3-BF4B-00C04F79EFBC}") = "Mart1_1", "Mart1_1\Mart1_1.csproj", "{C092BB4F-2395-4D71-ACA7-5FB3FD65CCC3}"
EndProject
Global
	GlobalSection(SolutionConfigurationPlatforms) = preSolution
		Debug|Any CPU = Debug|Any CPU
		Release|Any CPU = Release|Any CPU
	EndGlobalSection
	GlobalSection(ProjectConfigurationPlatforms) = postSolution
		{C092BB4F-2395-4D71-ACA7-5FB3FD65CCC3}.Debug|Any CPU.ActiveCfg = Debug|Any CPU
		{C092BB4F-2395-4D71-ACA7-5FB3FD65CCC3}.Debug|Any CPU.Build.0 = Debug|Any CPU
		{C092BB4F-2395-4D71-ACA7-5FB3FD65CCC3}.Release|Any CPU.ActiveCfg = Release|Any CPU
		{C092BB4F-2395-4D71-ACA7-5FB3FD65CCC3}.Release|Any CPU.Build.0 = Release|Any CPU
	EndGlobalSection
	GlobalSection(SolutionProperties) = preSolution
		HideSolutionNode = FALSE
	EndGlobalSection
	GlobalSection(ExtensibilityGlobals) = postSolution
		SolutionGuid = {0F806995-5FAE-45B3-951B-5638C2561853}
	EndGlobalSection
EndGlobal
