
Microsoft Visual Studio Solution File, Format Version 12.00
# Visual Studio Version 16
VisualStudioVersion = 16.0.32106.194
MinimumVisualStudioVersion = 10.0.40219.1
Project("{FAE04EC0-301F-11D3-BF4B-00C04F79EFBC}") = "WndApp2", "WndApp2\WndApp2.csproj", "{B854212A-EC17-49B9-9AB1-6786DE20AA18}"
EndProject
Global
	GlobalSection(SolutionConfigurationPlatforms) = preSolution
		Debug|Any CPU = Debug|Any CPU
		Release|Any CPU = Release|Any CPU
	EndGlobalSection
	GlobalSection(ProjectConfigurationPlatforms) = postSolution
		{B854212A-EC17-49B9-9AB1-6786DE20AA18}.Debug|Any CPU.ActiveCfg = Debug|Any CPU
		{B854212A-EC17-49B9-9AB1-6786DE20AA18}.Debug|Any CPU.Build.0 = Debug|Any CPU
		{B854212A-EC17-49B9-9AB1-6786DE20AA18}.Release|Any CPU.ActiveCfg = Release|Any CPU
		{B854212A-EC17-49B9-9AB1-6786DE20AA18}.Release|Any CPU.Build.0 = Release|Any CPU
	EndGlobalSection
	GlobalSection(SolutionProperties) = preSolution
		HideSolutionNode = FALSE
	EndGlobalSection
	GlobalSection(ExtensibilityGlobals) = postSolution
		SolutionGuid = {5681B0A2-CD03-4E29-A1F8-AFA864AB4AEA}
	EndGlobalSection
EndGlobal
